
Microsoft Visual Studio Solution File, Format Version 12.00
# Visual Studio 15
VisualStudioVersion = 15.0.26730.16
MinimumVisualStudioVersion = 10.0.40219.1
Project("{FAE04EC0-301F-11D3-BF4B-00C04F79EFBC}") = "foosballv2s", "foosballv2s\foosballv2s.csproj", "{C4788136-773B-4305-8833-472AB9F3491C}"
EndProject
Project("{FAE04EC0-301F-11D3-BF4B-00C04F79EFBC}") = "foosballv2s.Test", "foosballv2s.Test\foosballv2s.Test.csproj", "{817A9FA9-590E-417F-B1AE-2E488BA9851E}"
	ProjectSection(ProjectDependencies) = postProject
		{C4788136-773B-4305-8833-472AB9F3491C} = {C4788136-773B-4305-8833-472AB9F3491C}
	EndProjectSection
EndProject
Project("{FAE04EC0-301F-11D3-BF4B-00C04F79EFBC}") = "foosballv2s.WebService", "foosballv2s.WebService\foosballv2s.WebService.csproj", "{66E8CEDA-7517-4807-8109-CE62F9A95544}"
EndProject
Project("{FAE04EC0-301F-11D3-BF4B-00C04F79EFBC}") = "foosballv2s.WebService.Test", "foosballv2s.WebService.Test\foosballv2s.WebService.Test.csproj", "{B8F12836-98B3-4656-B3CD-6BF94248FBE0}"
EndProject
Global
	GlobalSection(SolutionConfigurationPlatforms) = preSolution
		Debug|Any CPU = Debug|Any CPU
		Debug|x86 = Debug|x86
		Release|Any CPU = Release|Any CPU
		Release|x86 = Release|x86
	EndGlobalSection
	GlobalSection(ProjectConfigurationPlatforms) = postSolution
		{C4788136-773B-4305-8833-472AB9F3491C}.Debug|Any CPU.ActiveCfg = Debug|Any CPU
		{C4788136-773B-4305-8833-472AB9F3491C}.Debug|Any CPU.Build.0 = Debug|Any CPU
		{C4788136-773B-4305-8833-472AB9F3491C}.Debug|Any CPU.Deploy.0 = Debug|Any CPU
		{C4788136-773B-4305-8833-472AB9F3491C}.Debug|x86.ActiveCfg = Debug|Any CPU
		{C4788136-773B-4305-8833-472AB9F3491C}.Debug|x86.Build.0 = Debug|Any CPU
		{C4788136-773B-4305-8833-472AB9F3491C}.Debug|x86.Deploy.0 = Debug|Any CPU
		{C4788136-773B-4305-8833-472AB9F3491C}.Release|Any CPU.ActiveCfg = Release|Any CPU
		{C4788136-773B-4305-8833-472AB9F3491C}.Release|Any CPU.Build.0 = Release|Any CPU
		{C4788136-773B-4305-8833-472AB9F3491C}.Release|Any CPU.Deploy.0 = Release|Any CPU
		{C4788136-773B-4305-8833-472AB9F3491C}.Release|x86.ActiveCfg = Release|Any CPU
		{C4788136-773B-4305-8833-472AB9F3491C}.Release|x86.Build.0 = Release|Any CPU
		{C4788136-773B-4305-8833-472AB9F3491C}.Release|x86.Deploy.0 = Release|Any CPU
		{817A9FA9-590E-417F-B1AE-2E488BA9851E}.Debug|Any CPU.ActiveCfg = Debug|Any CPU
		{817A9FA9-590E-417F-B1AE-2E488BA9851E}.Debug|x86.ActiveCfg = Debug|Any CPU
		{817A9FA9-590E-417F-B1AE-2E488BA9851E}.Debug|x86.Build.0 = Debug|Any CPU
		{817A9FA9-590E-417F-B1AE-2E488BA9851E}.Release|Any CPU.ActiveCfg = Release|Any CPU
		{817A9FA9-590E-417F-B1AE-2E488BA9851E}.Release|Any CPU.Build.0 = Release|Any CPU
		{817A9FA9-590E-417F-B1AE-2E488BA9851E}.Release|x86.ActiveCfg = Release|Any CPU
		{817A9FA9-590E-417F-B1AE-2E488BA9851E}.Release|x86.Build.0 = Release|Any CPU
		{817A9FA9-590E-417F-B1AE-2E488BA9851E}.Debug|Any CPU.Build.0 = Debug|Any CPU
		{66E8CEDA-7517-4807-8109-CE62F9A95544}.Debug|Any CPU.ActiveCfg = Debug|Any CPU
		{66E8CEDA-7517-4807-8109-CE62F9A95544}.Debug|Any CPU.Build.0 = Debug|Any CPU
		{66E8CEDA-7517-4807-8109-CE62F9A95544}.Debug|x86.ActiveCfg = Debug|x86
		{66E8CEDA-7517-4807-8109-CE62F9A95544}.Debug|x86.Build.0 = Debug|x86
		{66E8CEDA-7517-4807-8109-CE62F9A95544}.Release|Any CPU.ActiveCfg = Release|Any CPU
		{66E8CEDA-7517-4807-8109-CE62F9A95544}.Release|Any CPU.Build.0 = Release|Any CPU
		{66E8CEDA-7517-4807-8109-CE62F9A95544}.Release|x86.ActiveCfg = Release|x86
		{66E8CEDA-7517-4807-8109-CE62F9A95544}.Release|x86.Build.0 = Release|x86
		{B8F12836-98B3-4656-B3CD-6BF94248FBE0}.Debug|Any CPU.ActiveCfg = Debug|Any CPU
		{B8F12836-98B3-4656-B3CD-6BF94248FBE0}.Debug|Any CPU.Build.0 = Debug|Any CPU
		{B8F12836-98B3-4656-B3CD-6BF94248FBE0}.Debug|x86.ActiveCfg = Debug|Any CPU
		{B8F12836-98B3-4656-B3CD-6BF94248FBE0}.Debug|x86.Build.0 = Debug|Any CPU
		{B8F12836-98B3-4656-B3CD-6BF94248FBE0}.Release|Any CPU.ActiveCfg = Release|Any CPU
		{B8F12836-98B3-4656-B3CD-6BF94248FBE0}.Release|Any CPU.Build.0 = Release|Any CPU
		{B8F12836-98B3-4656-B3CD-6BF94248FBE0}.Release|x86.ActiveCfg = Release|Any CPU
		{B8F12836-98B3-4656-B3CD-6BF94248FBE0}.Release|x86.Build.0 = Release|Any CPU
	EndGlobalSection
	GlobalSection(SolutionProperties) = preSolution
		HideSolutionNode = FALSE
	EndGlobalSection
	GlobalSection(ExtensibilityGlobals) = postSolution
		SolutionGuid = {3392B560-9F12-425D-9E68-4E80CD32E92C}
	EndGlobalSection
EndGlobal
